
Microsoft Visual Studio Solution File, Format Version 12.00
# Visual Studio Version 17
VisualStudioVersion = 17.14.36603.0
MinimumVisualStudioVersion = 10.0.40219.1
Project("{FAE04EC0-301F-11D3-BF4B-00C04F79EFBC}") = "Manager.WebApi", "Manager.WebApi.csproj", "{9EC7BCF8-894F-41F5-87F5-DAFEC44EC293}"
EndProject
Project("{FAE04EC0-301F-11D3-BF4B-00C04F79EFBC}") = "Manager.Domain", "..\Manager.Domain\Manager.Domain.csproj", "{CC897387-EF9D-4A1A-8B13-220025A01D72}"
EndProject
Project("{FAE04EC0-301F-11D3-BF4B-00C04F79EFBC}") = "Manager.Application", "..\Manager.Application\Manager.Application.csproj", "{A856B961-E129-4827-9909-F6AB71263F0F}"
EndProject
Project("{FAE04EC0-301F-11D3-BF4B-00C04F79EFBC}") = "Manager.Infrastructure", "..\Manager.Infrastructure\Manager.Infrastructure.csproj", "{BA9880CE-921F-434A-86B5-382EAF5541BB}"
EndProject
Global
	GlobalSection(SolutionConfigurationPlatforms) = preSolution
		Debug|Any CPU = Debug|Any CPU
		Release|Any CPU = Release|Any CPU
	EndGlobalSection
	GlobalSection(ProjectConfigurationPlatforms) = postSolution
		{9EC7BCF8-894F-41F5-87F5-DAFEC44EC293}.Debug|Any CPU.ActiveCfg = Debug|Any CPU
		{9EC7BCF8-894F-41F5-87F5-DAFEC44EC293}.Debug|Any CPU.Build.0 = Debug|Any CPU
		{9EC7BCF8-894F-41F5-87F5-DAFEC44EC293}.Release|Any CPU.ActiveCfg = Release|Any CPU
		{9EC7BCF8-894F-41F5-87F5-DAFEC44EC293}.Release|Any CPU.Build.0 = Release|Any CPU
		{CC897387-EF9D-4A1A-8B13-220025A01D72}.Debug|Any CPU.ActiveCfg = Debug|Any CPU
		{CC897387-EF9D-4A1A-8B13-220025A01D72}.Debug|Any CPU.Build.0 = Debug|Any CPU
		{CC897387-EF9D-4A1A-8B13-220025A01D72}.Release|Any CPU.ActiveCfg = Release|Any CPU
		{CC897387-EF9D-4A1A-8B13-220025A01D72}.Release|Any CPU.Build.0 = Release|Any CPU
		{A856B961-E129-4827-9909-F6AB71263F0F}.Debug|Any CPU.ActiveCfg = Debug|Any CPU
		{A856B961-E129-4827-9909-F6AB71263F0F}.Debug|Any CPU.Build.0 = Debug|Any CPU
		{A856B961-E129-4827-9909-F6AB71263F0F}.Release|Any CPU.ActiveCfg = Release|Any CPU
		{A856B961-E129-4827-9909-F6AB71263F0F}.Release|Any CPU.Build.0 = Release|Any CPU
		{BA9880CE-921F-434A-86B5-382EAF5541BB}.Debug|Any CPU.ActiveCfg = Debug|Any CPU
		{BA9880CE-921F-434A-86B5-382EAF5541BB}.Debug|Any CPU.Build.0 = Debug|Any CPU
		{BA9880CE-921F-434A-86B5-382EAF5541BB}.Release|Any CPU.ActiveCfg = Release|Any CPU
		{BA9880CE-921F-434A-86B5-382EAF5541BB}.Release|Any CPU.Build.0 = Release|Any CPU
	EndGlobalSection
	GlobalSection(SolutionProperties) = preSolution
		HideSolutionNode = FALSE
	EndGlobalSection
	GlobalSection(ExtensibilityGlobals) = postSolution
		SolutionGuid = {E51A7841-995B-4C47-A78E-8AE5AEE78E2E}
	EndGlobalSection
EndGlobal
